
Microsoft Visual Studio Solution File, Format Version 12.00
# Visual Studio Version 17
VisualStudioVersion = 17.6.33801.468
MinimumVisualStudioVersion = 10.0.40219.1
Project("{9A19103F-16F7-4668-BE54-9A1E7A4F7556}") = "SignalR", "SignalR\SignalR.csproj", "{5E3B7F70-A2D7-4572-BA4F-BE2A3FA8BBE1}"
EndProject
Project("{FAE04EC0-301F-11D3-BF4B-00C04F79EFBC}") = "SignalR_Core", "SignalR_Core\SignalR_Core.csproj", "{54110141-9716-471F-99B8-952C452892A9}"
EndProject
Project("{FAE04EC0-301F-11D3-BF4B-00C04F79EFBC}") = "SignalR_Infraestructura", "SignalR_Infraestructura\SignalR_Infraestructura.csproj", "{E06611AB-FF90-4D7E-9BC6-A63819003BF5}"
EndProject
Global
	GlobalSection(SolutionConfigurationPlatforms) = preSolution
		Debug|Any CPU = Debug|Any CPU
		Release|Any CPU = Release|Any CPU
	EndGlobalSection
	GlobalSection(ProjectConfigurationPlatforms) = postSolution
		{5E3B7F70-A2D7-4572-BA4F-BE2A3FA8BBE1}.Debug|Any CPU.ActiveCfg = Debug|Any CPU
		{5E3B7F70-A2D7-4572-BA4F-BE2A3FA8BBE1}.Debug|Any CPU.Build.0 = Debug|Any CPU
		{5E3B7F70-A2D7-4572-BA4F-BE2A3FA8BBE1}.Release|Any CPU.ActiveCfg = Release|Any CPU
		{5E3B7F70-A2D7-4572-BA4F-BE2A3FA8BBE1}.Release|Any CPU.Build.0 = Release|Any CPU
		{54110141-9716-471F-99B8-952C452892A9}.Debug|Any CPU.ActiveCfg = Debug|Any CPU
		{54110141-9716-471F-99B8-952C452892A9}.Debug|Any CPU.Build.0 = Debug|Any CPU
		{54110141-9716-471F-99B8-952C452892A9}.Release|Any CPU.ActiveCfg = Release|Any CPU
		{54110141-9716-471F-99B8-952C452892A9}.Release|Any CPU.Build.0 = Release|Any CPU
		{E06611AB-FF90-4D7E-9BC6-A63819003BF5}.Debug|Any CPU.ActiveCfg = Debug|Any CPU
		{E06611AB-FF90-4D7E-9BC6-A63819003BF5}.Debug|Any CPU.Build.0 = Debug|Any CPU
		{E06611AB-FF90-4D7E-9BC6-A63819003BF5}.Release|Any CPU.ActiveCfg = Release|Any CPU
		{E06611AB-FF90-4D7E-9BC6-A63819003BF5}.Release|Any CPU.Build.0 = Release|Any CPU
	EndGlobalSection
	GlobalSection(SolutionProperties) = preSolution
		HideSolutionNode = FALSE
	EndGlobalSection
	GlobalSection(ExtensibilityGlobals) = postSolution
		SolutionGuid = {6A40731E-EB0F-46B1-8A75-D92B6D9AFAA8}
	EndGlobalSection
EndGlobal
